
Microsoft Visual Studio Solution File, Format Version 12.00
# Visual Studio Version 17
VisualStudioVersion = 17.8.34330.188
MinimumVisualStudioVersion = 10.0.40219.1
Project("{FAE04EC0-301F-11D3-BF4B-00C04F79EFBC}") = "excelReader", "excelReader.csproj", "{96A3E58F-FF7E-4531-A7B0-1AD0A8CB597E}"
EndProject
Global
	GlobalSection(SolutionConfigurationPlatforms) = preSolution
		Debug|Any CPU = Debug|Any CPU
		Release|Any CPU = Release|Any CPU
	EndGlobalSection
	GlobalSection(ProjectConfigurationPlatforms) = postSolution
		{96A3E58F-FF7E-4531-A7B0-1AD0A8CB597E}.Debug|Any CPU.ActiveCfg = Debug|Any CPU
		{96A3E58F-FF7E-4531-A7B0-1AD0A8CB597E}.Debug|Any CPU.Build.0 = Debug|Any CPU
		{96A3E58F-FF7E-4531-A7B0-1AD0A8CB597E}.Release|Any CPU.ActiveCfg = Release|Any CPU
		{96A3E58F-FF7E-4531-A7B0-1AD0A8CB597E}.Release|Any CPU.Build.0 = Release|Any CPU
	EndGlobalSection
	GlobalSection(SolutionProperties) = preSolution
		HideSolutionNode = FALSE
	EndGlobalSection
	GlobalSection(ExtensibilityGlobals) = postSolution
		SolutionGuid = {2BC5E566-FF18-47CE-AF83-0D53B48EA89A}
	EndGlobalSection
EndGlobal
